
Microsoft Visual Studio Solution File, Format Version 12.00
# Visual Studio Version 17
VisualStudioVersion = 17.0.32112.339
MinimumVisualStudioVersion = 10.0.40219.1
Project("{9A19103F-16F7-4668-BE54-9A1E7A4F7556}") = "OpenStack.Polyfills", "Base\OpenStack.Polyfills\OpenStack.Polyfills.csproj", "{B121C154-CD31-4DEE-9D66-1AC279A430FB}"
EndProject
Project("{2150E333-8FDC-42A3-9474-1A3956D46DE8}") = "Gfx", "Gfx", "{BA482372-2F82-4E0F-B754-1896BB13EC98}"
EndProject
Project("{2150E333-8FDC-42A3-9474-1A3956D46DE8}") = "Phy", "Phy", "{ADD39EE9-7B67-4AF2-9BC1-4094B4A87EA9}"
EndProject
Project("{2150E333-8FDC-42A3-9474-1A3956D46DE8}") = "Base", "Base", "{B226AECC-F132-45DE-91BA-0F4D8BD3989A}"
EndProject
Project("{2150E333-8FDC-42A3-9474-1A3956D46DE8}") = "Sfx", "Sfx", "{A8722C01-2956-4313-AFBD-490CAEF8F175}"
EndProject
Project("{9A19103F-16F7-4668-BE54-9A1E7A4F7556}") = "System.NumericsX", "Base\System.NumericsX\System.NumericsX.csproj", "{A0BC5EFE-4A29-4527-B534-E88C2F390EE4}"
EndProject
Project("{2150E333-8FDC-42A3-9474-1A3956D46DE8}") = "X", "X", "{C44C9AFC-A3A4-46A7-99AB-DA382936E4BC}"
EndProject
Project("{9A19103F-16F7-4668-BE54-9A1E7A4F7556}") = "OpenStack.X", "X\OpenStack.X\OpenStack.X.csproj", "{E74D4E88-CCCD-4404-A61C-79C0C6E43A2A}"
EndProject
Project("{9A19103F-16F7-4668-BE54-9A1E7A4F7556}") = "OpenStack.XSystem", "X\OpenStack.XSystem\OpenStack.XSystem.csproj", "{BAE653A3-B188-4748-AFC6-3AF81ADEFA7F}"
EndProject
Project("{9A19103F-16F7-4668-BE54-9A1E7A4F7556}") = "OpenStack.XTests", "X\OpenStack.XTests\OpenStack.XTests.csproj", "{F25F0CBF-46A8-4781-B30E-4922F4802514}"
EndProject
Project("{9A19103F-16F7-4668-BE54-9A1E7A4F7556}") = "OpenStack.XGngine", "X\OpenStack.XGngine\OpenStack.XGngine.csproj", "{0F5AD24C-A679-4063-A1E5-65A09CF3EE92}"
EndProject
Project("{9A19103F-16F7-4668-BE54-9A1E7A4F7556}") = "OpenStack.XGngine.UI", "X\OpenStack.XGngine.UI\OpenStack.XGngine.UI.csproj", "{58686895-9B78-4207-8983-FC712E6700CC}"
EndProject
Project("{9A19103F-16F7-4668-BE54-9A1E7A4F7556}") = "OpenStack.XGngine.Sound", "X\OpenStack.XGngine.Sound\OpenStack.XGngine.Sound.csproj", "{8F17AA4A-B402-4A5F-8FCD-1B3C811BF1CE}"
EndProject
Project("{9A19103F-16F7-4668-BE54-9A1E7A4F7556}") = "OpenStack.XGngine.Render", "X\OpenStack.XGngine.Render\OpenStack.XGngine.Render.csproj", "{EA9C23A0-3744-490D-BD42-CAA0D879E8A5}"
EndProject
Project("{9A19103F-16F7-4668-BE54-9A1E7A4F7556}") = "OpenStack.XGngine.Framework", "X\OpenStack.XGngine.Framework\OpenStack.XGngine.Framework.csproj", "{C0A1012E-136E-4EA1-B27E-DAB84E783501}"
EndProject
Project("{9A19103F-16F7-4668-BE54-9A1E7A4F7556}") = "OpenStack.XGngine.CM", "X\OpenStack.XGngine.CM\OpenStack.XGngine.CM.csproj", "{562CD2A8-D7A9-4AD9-BE61-23B5D0D1ED6E}"
EndProject
Project("{9A19103F-16F7-4668-BE54-9A1E7A4F7556}") = "OpenStack.PolyIO", "Base\OpenStack.PolyIO\OpenStack.PolyIO.csproj", "{47A78AEB-A0FF-4C35-A3A9-0F96611A2507}"
EndProject
Project("{FAE04EC0-301F-11D3-BF4B-00C04F79EFBC}") = "OpenStack.Gfx", "Gfx\OpenStack.Gfx\OpenStack.Gfx.csproj", "{FDD14214-370D-64A1-F1A1-70949F7BB095}"
EndProject
Project("{FAE04EC0-301F-11D3-BF4B-00C04F79EFBC}") = "OpenStack.GfxTests", "Gfx\OpenStack.GfxTests\OpenStack.GfxTests.csproj", "{A5AF35CE-3456-1D14-6B38-1FE977A27C72}"
EndProject
Project("{FAE04EC0-301F-11D3-BF4B-00C04F79EFBC}") = "OpenStack.Sfx", "Sfx\OpenStack.Sfx\OpenStack.Sfx.csproj", "{4185D283-CDEA-11CA-2707-E435947ABD72}"
EndProject
Project("{FAE04EC0-301F-11D3-BF4B-00C04F79EFBC}") = "OpenStack.Gfx.Egin", "Gfx\OpenStack.Gfx.Egin\OpenStack.Gfx.Egin.csproj", "{56AD61FF-9CE9-7739-1E91-69E0249D899C}"
EndProject
Project("{FAE04EC0-301F-11D3-BF4B-00C04F79EFBC}") = "OpenStack.Sfx.Al", "Sfx\OpenStack.Sfx.Al\OpenStack.Sfx.Al.csproj", "{FAE65D89-597E-7AAB-3EED-EC947EC900BF}"
EndProject
Project("{FAE04EC0-301F-11D3-BF4B-00C04F79EFBC}") = "OpenStack.Sfx.Ogg", "Sfx\OpenStack.Sfx.Ogg\OpenStack.Sfx.Ogg.csproj", "{0841B6EC-63C1-7AFD-1B60-BEA96F276893}"
EndProject
Project("{FAE04EC0-301F-11D3-BF4B-00C04F79EFBC}") = "OpenStack.SfxTests", "Sfx\OpenStack.SfxTests\OpenStack.SfxTests.csproj", "{57BFFBB6-C0DA-7AFA-AB8B-4E519C2B5EF9}"
EndProject
Project("{FAE04EC0-301F-11D3-BF4B-00C04F79EFBC}") = "OpenStack.Gfx.Other", "Gfx\OpenStack.Gfx.Other\OpenStack.Gfx.Other.csproj", "{1F137DA2-8FDB-2D0D-10A1-21AA846B7205}"
EndProject
Project("{2150E333-8FDC-42A3-9474-1A3956D46DE8}") = "Img", "Img", "{02EA681E-C7D8-13C7-8484-4AC65E1B71E8}"
EndProject
Project("{FAE04EC0-301F-11D3-BF4B-00C04F79EFBC}") = "OpenStack.Img", "Img\OpenStack.Img\OpenStack.Img.csproj", "{D80D38AB-788A-7589-FC0A-A24871D94106}"
EndProject
Project("{FAE04EC0-301F-11D3-BF4B-00C04F79EFBC}") = "OpenStack", "Base\OpenStack\OpenStack.csproj", "{5A49FA5B-163B-26DD-7E10-74A754D05BF2}"
EndProject
Project("{2150E333-8FDC-42A3-9474-1A3956D46DE8}") = "Platforms", "Platforms", "{91E5E8D3-B59D-4E4F-AC51-7799EE7AC412}"
EndProject
Project("{FAE04EC0-301F-11D3-BF4B-00C04F79EFBC}") = "OpenStack.Godot", "Platform\OpenStack.Godot\OpenStack.Godot.csproj", "{0F0CF377-C96C-1797-6C5C-2CFF7144AD34}"
EndProject
Project("{2150E333-8FDC-42A3-9474-1A3956D46DE8}") = "Aix", "Aix", "{1EF7951A-DC58-4022-A175-020B8D2C1978}"
EndProject
Project("{FAE04EC0-301F-11D3-BF4B-00C04F79EFBC}") = "OpenStack.Aix", "Aix\OpenStack.Aix\OpenStack.Aix.csproj", "{6F3F43A8-CEDC-1DCC-EEF0-D5D710F8800A}"
EndProject
Project("{FAE04EC0-301F-11D3-BF4B-00C04F79EFBC}") = "OpenStack.AixTests", "Aix\OpenStack.AixTests\OpenStack.AixTests.csproj", "{B04E5965-81D3-F02F-8F69-EC81574916FD}"
EndProject
Project("{FAE04EC0-301F-11D3-BF4B-00C04F79EFBC}") = "OpenStack.Phy", "Phy\OpenStack.Phy\OpenStack.Phy.csproj", "{86518ECD-F84F-A108-22C6-122C4633161C}"
EndProject
Project("{FAE04EC0-301F-11D3-BF4B-00C04F79EFBC}") = "OpenStack.PhyTests", "Phy\OpenStack.PhyTests\OpenStack.PhyTests.csproj", "{3CAD33B8-2652-679A-5F39-7AA14323AFAC}"
EndProject
Project("{FAE04EC0-301F-11D3-BF4B-00C04F79EFBC}") = "OpenStack.O3de", "Platform\OpenStack.O3de\OpenStack.O3de.csproj", "{91F24DCA-D93A-5842-522C-D0D2FCCF65F3}"
EndProject
Project("{FAE04EC0-301F-11D3-BF4B-00C04F79EFBC}") = "OpenStack.Ogre", "Platform\OpenStack.Ogre\OpenStack.Ogre.csproj", "{195FC3F3-C708-4259-908B-AC632E55A3AB}"
EndProject
Project("{FAE04EC0-301F-11D3-BF4B-00C04F79EFBC}") = "OpenStack.OpenGL", "Platform\OpenStack.OpenGL\OpenStack.OpenGL.csproj", "{EF77770A-C7B2-E3AA-DFA7-7B7331E05560}"
EndProject
Project("{FAE04EC0-301F-11D3-BF4B-00C04F79EFBC}") = "OpenStack.Sdl", "Platform\OpenStack.Sdl\OpenStack.Sdl.csproj", "{99235B85-F911-E17E-07D0-2225DE40635E}"
EndProject
Project("{FAE04EC0-301F-11D3-BF4B-00C04F79EFBC}") = "OpenStack.Stride", "Platform\OpenStack.Stride\OpenStack.Stride.csproj", "{EB6352E2-4A2E-9487-32D7-E76DBF2F18E8}"
EndProject
Project("{FAE04EC0-301F-11D3-BF4B-00C04F79EFBC}") = "OpenStack.Tests", "Platform\OpenStack.Tests\OpenStack.Tests.csproj", "{ADF6D7A3-AF3F-0062-7053-E7232097FEEF}"
EndProject
Project("{FAE04EC0-301F-11D3-BF4B-00C04F79EFBC}") = "OpenStack.Unity", "Platform\OpenStack.Unity\OpenStack.Unity.csproj", "{E74BBCB0-355D-A15B-899B-3B8998B73C44}"
EndProject
Project("{FAE04EC0-301F-11D3-BF4B-00C04F79EFBC}") = "OpenStack.Unreal", "Platform\OpenStack.Unreal\OpenStack.Unreal.csproj", "{C9DB3760-D0CB-D426-EE40-0305218E08BC}"
EndProject
Project("{FAE04EC0-301F-11D3-BF4B-00C04F79EFBC}") = "OpenStack.Wpf.Control", "Platform\OpenStack.Wpf.Control\OpenStack.Wpf.Control.csproj", "{43D02D6D-0C2C-966F-C2DC-2F10F761232D}"
EndProject
Project("{FAE04EC0-301F-11D3-BF4B-00C04F79EFBC}") = "OpenStack.Wpf.Stride", "Platform\OpenStack.Wpf.Stride\OpenStack.Wpf.Stride.csproj", "{4B2788B3-0CBE-1F19-4DCA-F307FFB6BD77}"
EndProject
Project("{FAE04EC0-301F-11D3-BF4B-00C04F79EFBC}") = "OpenStack.Rom", "Base\OpenStack.Rom\OpenStack.Rom.csproj", "{74CCEE80-B328-0E8A-6326-535F939AB86E}"
EndProject
Project("{FAE04EC0-301F-11D3-BF4B-00C04F79EFBC}") = "OpenStack.Program", "Base\OpenStack.Program\OpenStack.Program.csproj", "{85375ECE-E3C7-602D-3934-CF520671D191}"
EndProject
Global
	GlobalSection(SolutionConfigurationPlatforms) = preSolution
		Debug|Any CPU = Debug|Any CPU
		Release|Any CPU = Release|Any CPU
	EndGlobalSection
	GlobalSection(ProjectConfigurationPlatforms) = postSolution
		{B121C154-CD31-4DEE-9D66-1AC279A430FB}.Debug|Any CPU.ActiveCfg = Debug|Any CPU
		{B121C154-CD31-4DEE-9D66-1AC279A430FB}.Debug|Any CPU.Build.0 = Debug|Any CPU
		{B121C154-CD31-4DEE-9D66-1AC279A430FB}.Release|Any CPU.ActiveCfg = Release|Any CPU
		{B121C154-CD31-4DEE-9D66-1AC279A430FB}.Release|Any CPU.Build.0 = Release|Any CPU
		{A0BC5EFE-4A29-4527-B534-E88C2F390EE4}.Debug|Any CPU.ActiveCfg = Debug|Any CPU
		{A0BC5EFE-4A29-4527-B534-E88C2F390EE4}.Debug|Any CPU.Build.0 = Debug|Any CPU
		{A0BC5EFE-4A29-4527-B534-E88C2F390EE4}.Release|Any CPU.ActiveCfg = Release|Any CPU
		{A0BC5EFE-4A29-4527-B534-E88C2F390EE4}.Release|Any CPU.Build.0 = Release|Any CPU
		{E74D4E88-CCCD-4404-A61C-79C0C6E43A2A}.Debug|Any CPU.ActiveCfg = Debug|Any CPU
		{E74D4E88-CCCD-4404-A61C-79C0C6E43A2A}.Debug|Any CPU.Build.0 = Debug|Any CPU
		{E74D4E88-CCCD-4404-A61C-79C0C6E43A2A}.Release|Any CPU.ActiveCfg = Release|Any CPU
		{E74D4E88-CCCD-4404-A61C-79C0C6E43A2A}.Release|Any CPU.Build.0 = Release|Any CPU
		{BAE653A3-B188-4748-AFC6-3AF81ADEFA7F}.Debug|Any CPU.ActiveCfg = Debug|Any CPU
		{BAE653A3-B188-4748-AFC6-3AF81ADEFA7F}.Debug|Any CPU.Build.0 = Debug|Any CPU
		{BAE653A3-B188-4748-AFC6-3AF81ADEFA7F}.Release|Any CPU.ActiveCfg = Release|Any CPU
		{BAE653A3-B188-4748-AFC6-3AF81ADEFA7F}.Release|Any CPU.Build.0 = Release|Any CPU
		{F25F0CBF-46A8-4781-B30E-4922F4802514}.Debug|Any CPU.ActiveCfg = Debug|Any CPU
		{F25F0CBF-46A8-4781-B30E-4922F4802514}.Debug|Any CPU.Build.0 = Debug|Any CPU
		{F25F0CBF-46A8-4781-B30E-4922F4802514}.Release|Any CPU.ActiveCfg = Release|Any CPU
		{F25F0CBF-46A8-4781-B30E-4922F4802514}.Release|Any CPU.Build.0 = Release|Any CPU
		{0F5AD24C-A679-4063-A1E5-65A09CF3EE92}.Debug|Any CPU.ActiveCfg = Debug|Any CPU
		{0F5AD24C-A679-4063-A1E5-65A09CF3EE92}.Debug|Any CPU.Build.0 = Debug|Any CPU
		{0F5AD24C-A679-4063-A1E5-65A09CF3EE92}.Release|Any CPU.ActiveCfg = Release|Any CPU
		{0F5AD24C-A679-4063-A1E5-65A09CF3EE92}.Release|Any CPU.Build.0 = Release|Any CPU
		{58686895-9B78-4207-8983-FC712E6700CC}.Debug|Any CPU.ActiveCfg = Debug|Any CPU
		{58686895-9B78-4207-8983-FC712E6700CC}.Debug|Any CPU.Build.0 = Debug|Any CPU
		{58686895-9B78-4207-8983-FC712E6700CC}.Release|Any CPU.ActiveCfg = Release|Any CPU
		{58686895-9B78-4207-8983-FC712E6700CC}.Release|Any CPU.Build.0 = Release|Any CPU
		{8F17AA4A-B402-4A5F-8FCD-1B3C811BF1CE}.Debug|Any CPU.ActiveCfg = Debug|Any CPU
		{8F17AA4A-B402-4A5F-8FCD-1B3C811BF1CE}.Debug|Any CPU.Build.0 = Debug|Any CPU
		{8F17AA4A-B402-4A5F-8FCD-1B3C811BF1CE}.Release|Any CPU.ActiveCfg = Release|Any CPU
		{8F17AA4A-B402-4A5F-8FCD-1B3C811BF1CE}.Release|Any CPU.Build.0 = Release|Any CPU
		{EA9C23A0-3744-490D-BD42-CAA0D879E8A5}.Debug|Any CPU.ActiveCfg = Debug|Any CPU
		{EA9C23A0-3744-490D-BD42-CAA0D879E8A5}.Debug|Any CPU.Build.0 = Debug|Any CPU
		{EA9C23A0-3744-490D-BD42-CAA0D879E8A5}.Release|Any CPU.ActiveCfg = Release|Any CPU
		{EA9C23A0-3744-490D-BD42-CAA0D879E8A5}.Release|Any CPU.Build.0 = Release|Any CPU
		{C0A1012E-136E-4EA1-B27E-DAB84E783501}.Debug|Any CPU.ActiveCfg = Debug|Any CPU
		{C0A1012E-136E-4EA1-B27E-DAB84E783501}.Debug|Any CPU.Build.0 = Debug|Any CPU
		{C0A1012E-136E-4EA1-B27E-DAB84E783501}.Release|Any CPU.ActiveCfg = Release|Any CPU
		{C0A1012E-136E-4EA1-B27E-DAB84E783501}.Release|Any CPU.Build.0 = Release|Any CPU
		{562CD2A8-D7A9-4AD9-BE61-23B5D0D1ED6E}.Debug|Any CPU.ActiveCfg = Debug|Any CPU
		{562CD2A8-D7A9-4AD9-BE61-23B5D0D1ED6E}.Debug|Any CPU.Build.0 = Debug|Any CPU
		{562CD2A8-D7A9-4AD9-BE61-23B5D0D1ED6E}.Release|Any CPU.ActiveCfg = Release|Any CPU
		{562CD2A8-D7A9-4AD9-BE61-23B5D0D1ED6E}.Release|Any CPU.Build.0 = Release|Any CPU
		{47A78AEB-A0FF-4C35-A3A9-0F96611A2507}.Debug|Any CPU.ActiveCfg = Debug|Any CPU
		{47A78AEB-A0FF-4C35-A3A9-0F96611A2507}.Debug|Any CPU.Build.0 = Debug|Any CPU
		{47A78AEB-A0FF-4C35-A3A9-0F96611A2507}.Release|Any CPU.ActiveCfg = Release|Any CPU
		{47A78AEB-A0FF-4C35-A3A9-0F96611A2507}.Release|Any CPU.Build.0 = Release|Any CPU
		{FDD14214-370D-64A1-F1A1-70949F7BB095}.Debug|Any CPU.ActiveCfg = Debug|Any CPU
		{FDD14214-370D-64A1-F1A1-70949F7BB095}.Debug|Any CPU.Build.0 = Debug|Any CPU
		{FDD14214-370D-64A1-F1A1-70949F7BB095}.Release|Any CPU.ActiveCfg = Release|Any CPU
		{FDD14214-370D-64A1-F1A1-70949F7BB095}.Release|Any CPU.Build.0 = Release|Any CPU
		{A5AF35CE-3456-1D14-6B38-1FE977A27C72}.Debug|Any CPU.ActiveCfg = Debug|Any CPU
		{A5AF35CE-3456-1D14-6B38-1FE977A27C72}.Debug|Any CPU.Build.0 = Debug|Any CPU
		{A5AF35CE-3456-1D14-6B38-1FE977A27C72}.Release|Any CPU.ActiveCfg = Release|Any CPU
		{A5AF35CE-3456-1D14-6B38-1FE977A27C72}.Release|Any CPU.Build.0 = Release|Any CPU
		{4185D283-CDEA-11CA-2707-E435947ABD72}.Debug|Any CPU.ActiveCfg = Debug|Any CPU
		{4185D283-CDEA-11CA-2707-E435947ABD72}.Debug|Any CPU.Build.0 = Debug|Any CPU
		{4185D283-CDEA-11CA-2707-E435947ABD72}.Release|Any CPU.ActiveCfg = Release|Any CPU
		{4185D283-CDEA-11CA-2707-E435947ABD72}.Release|Any CPU.Build.0 = Release|Any CPU
		{56AD61FF-9CE9-7739-1E91-69E0249D899C}.Debug|Any CPU.ActiveCfg = Debug|Any CPU
		{56AD61FF-9CE9-7739-1E91-69E0249D899C}.Debug|Any CPU.Build.0 = Debug|Any CPU
		{56AD61FF-9CE9-7739-1E91-69E0249D899C}.Release|Any CPU.ActiveCfg = Release|Any CPU
		{56AD61FF-9CE9-7739-1E91-69E0249D899C}.Release|Any CPU.Build.0 = Release|Any CPU
		{FAE65D89-597E-7AAB-3EED-EC947EC900BF}.Debug|Any CPU.ActiveCfg = Debug|Any CPU
		{FAE65D89-597E-7AAB-3EED-EC947EC900BF}.Debug|Any CPU.Build.0 = Debug|Any CPU
		{FAE65D89-597E-7AAB-3EED-EC947EC900BF}.Release|Any CPU.ActiveCfg = Release|Any CPU
		{FAE65D89-597E-7AAB-3EED-EC947EC900BF}.Release|Any CPU.Build.0 = Release|Any CPU
		{0841B6EC-63C1-7AFD-1B60-BEA96F276893}.Debug|Any CPU.ActiveCfg = Debug|Any CPU
		{0841B6EC-63C1-7AFD-1B60-BEA96F276893}.Debug|Any CPU.Build.0 = Debug|Any CPU
		{0841B6EC-63C1-7AFD-1B60-BEA96F276893}.Release|Any CPU.ActiveCfg = Release|Any CPU
		{0841B6EC-63C1-7AFD-1B60-BEA96F276893}.Release|Any CPU.Build.0 = Release|Any CPU
		{57BFFBB6-C0DA-7AFA-AB8B-4E519C2B5EF9}.Debug|Any CPU.ActiveCfg = Debug|Any CPU
		{57BFFBB6-C0DA-7AFA-AB8B-4E519C2B5EF9}.Debug|Any CPU.Build.0 = Debug|Any CPU
		{57BFFBB6-C0DA-7AFA-AB8B-4E519C2B5EF9}.Release|Any CPU.ActiveCfg = Release|Any CPU
		{57BFFBB6-C0DA-7AFA-AB8B-4E519C2B5EF9}.Release|Any CPU.Build.0 = Release|Any CPU
		{1F137DA2-8FDB-2D0D-10A1-21AA846B7205}.Debug|Any CPU.ActiveCfg = Debug|Any CPU
		{1F137DA2-8FDB-2D0D-10A1-21AA846B7205}.Debug|Any CPU.Build.0 = Debug|Any CPU
		{1F137DA2-8FDB-2D0D-10A1-21AA846B7205}.Release|Any CPU.ActiveCfg = Release|Any CPU
		{1F137DA2-8FDB-2D0D-10A1-21AA846B7205}.Release|Any CPU.Build.0 = Release|Any CPU
		{D80D38AB-788A-7589-FC0A-A24871D94106}.Debug|Any CPU.ActiveCfg = Debug|Any CPU
		{D80D38AB-788A-7589-FC0A-A24871D94106}.Debug|Any CPU.Build.0 = Debug|Any CPU
		{D80D38AB-788A-7589-FC0A-A24871D94106}.Release|Any CPU.ActiveCfg = Release|Any CPU
		{D80D38AB-788A-7589-FC0A-A24871D94106}.Release|Any CPU.Build.0 = Release|Any CPU
		{5A49FA5B-163B-26DD-7E10-74A754D05BF2}.Debug|Any CPU.ActiveCfg = Debug|Any CPU
		{5A49FA5B-163B-26DD-7E10-74A754D05BF2}.Debug|Any CPU.Build.0 = Debug|Any CPU
		{5A49FA5B-163B-26DD-7E10-74A754D05BF2}.Release|Any CPU.ActiveCfg = Release|Any CPU
		{5A49FA5B-163B-26DD-7E10-74A754D05BF2}.Release|Any CPU.Build.0 = Release|Any CPU
		{0F0CF377-C96C-1797-6C5C-2CFF7144AD34}.Debug|Any CPU.ActiveCfg = Debug|Any CPU
		{0F0CF377-C96C-1797-6C5C-2CFF7144AD34}.Debug|Any CPU.Build.0 = Debug|Any CPU
		{0F0CF377-C96C-1797-6C5C-2CFF7144AD34}.Release|Any CPU.ActiveCfg = Release|Any CPU
		{0F0CF377-C96C-1797-6C5C-2CFF7144AD34}.Release|Any CPU.Build.0 = Release|Any CPU
		{6F3F43A8-CEDC-1DCC-EEF0-D5D710F8800A}.Debug|Any CPU.ActiveCfg = Debug|Any CPU
		{6F3F43A8-CEDC-1DCC-EEF0-D5D710F8800A}.Debug|Any CPU.Build.0 = Debug|Any CPU
		{6F3F43A8-CEDC-1DCC-EEF0-D5D710F8800A}.Release|Any CPU.ActiveCfg = Release|Any CPU
		{6F3F43A8-CEDC-1DCC-EEF0-D5D710F8800A}.Release|Any CPU.Build.0 = Release|Any CPU
		{B04E5965-81D3-F02F-8F69-EC81574916FD}.Debug|Any CPU.ActiveCfg = Debug|Any CPU
		{B04E5965-81D3-F02F-8F69-EC81574916FD}.Debug|Any CPU.Build.0 = Debug|Any CPU
		{B04E5965-81D3-F02F-8F69-EC81574916FD}.Release|Any CPU.ActiveCfg = Release|Any CPU
		{B04E5965-81D3-F02F-8F69-EC81574916FD}.Release|Any CPU.Build.0 = Release|Any CPU
		{86518ECD-F84F-A108-22C6-122C4633161C}.Debug|Any CPU.ActiveCfg = Debug|Any CPU
		{86518ECD-F84F-A108-22C6-122C4633161C}.Debug|Any CPU.Build.0 = Debug|Any CPU
		{86518ECD-F84F-A108-22C6-122C4633161C}.Release|Any CPU.ActiveCfg = Release|Any CPU
		{86518ECD-F84F-A108-22C6-122C4633161C}.Release|Any CPU.Build.0 = Release|Any CPU
		{3CAD33B8-2652-679A-5F39-7AA14323AFAC}.Debug|Any CPU.ActiveCfg = Debug|Any CPU
		{3CAD33B8-2652-679A-5F39-7AA14323AFAC}.Debug|Any CPU.Build.0 = Debug|Any CPU
		{3CAD33B8-2652-679A-5F39-7AA14323AFAC}.Release|Any CPU.ActiveCfg = Release|Any CPU
		{3CAD33B8-2652-679A-5F39-7AA14323AFAC}.Release|Any CPU.Build.0 = Release|Any CPU
		{91F24DCA-D93A-5842-522C-D0D2FCCF65F3}.Debug|Any CPU.ActiveCfg = Debug|Any CPU
		{91F24DCA-D93A-5842-522C-D0D2FCCF65F3}.Debug|Any CPU.Build.0 = Debug|Any CPU
		{91F24DCA-D93A-5842-522C-D0D2FCCF65F3}.Release|Any CPU.ActiveCfg = Release|Any CPU
		{91F24DCA-D93A-5842-522C-D0D2FCCF65F3}.Release|Any CPU.Build.0 = Release|Any CPU
		{195FC3F3-C708-4259-908B-AC632E55A3AB}.Debug|Any CPU.ActiveCfg = Debug|Any CPU
		{195FC3F3-C708-4259-908B-AC632E55A3AB}.Debug|Any CPU.Build.0 = Debug|Any CPU
		{195FC3F3-C708-4259-908B-AC632E55A3AB}.Release|Any CPU.ActiveCfg = Release|Any CPU
		{195FC3F3-C708-4259-908B-AC632E55A3AB}.Release|Any CPU.Build.0 = Release|Any CPU
		{EF77770A-C7B2-E3AA-DFA7-7B7331E05560}.Debug|Any CPU.ActiveCfg = Debug|Any CPU
		{EF77770A-C7B2-E3AA-DFA7-7B7331E05560}.Debug|Any CPU.Build.0 = Debug|Any CPU
		{EF77770A-C7B2-E3AA-DFA7-7B7331E05560}.Release|Any CPU.ActiveCfg = Release|Any CPU
		{EF77770A-C7B2-E3AA-DFA7-7B7331E05560}.Release|Any CPU.Build.0 = Release|Any CPU
		{99235B85-F911-E17E-07D0-2225DE40635E}.Debug|Any CPU.ActiveCfg = Debug|Any CPU
		{99235B85-F911-E17E-07D0-2225DE40635E}.Debug|Any CPU.Build.0 = Debug|Any CPU
		{99235B85-F911-E17E-07D0-2225DE40635E}.Release|Any CPU.ActiveCfg = Release|Any CPU
		{99235B85-F911-E17E-07D0-2225DE40635E}.Release|Any CPU.Build.0 = Release|Any CPU
		{EB6352E2-4A2E-9487-32D7-E76DBF2F18E8}.Debug|Any CPU.ActiveCfg = Debug|Any CPU
		{EB6352E2-4A2E-9487-32D7-E76DBF2F18E8}.Debug|Any CPU.Build.0 = Debug|Any CPU
		{EB6352E2-4A2E-9487-32D7-E76DBF2F18E8}.Release|Any CPU.ActiveCfg = Release|Any CPU
		{EB6352E2-4A2E-9487-32D7-E76DBF2F18E8}.Release|Any CPU.Build.0 = Release|Any CPU
		{ADF6D7A3-AF3F-0062-7053-E7232097FEEF}.Debug|Any CPU.ActiveCfg = Debug|Any CPU
		{ADF6D7A3-AF3F-0062-7053-E7232097FEEF}.Debug|Any CPU.Build.0 = Debug|Any CPU
		{ADF6D7A3-AF3F-0062-7053-E7232097FEEF}.Release|Any CPU.ActiveCfg = Release|Any CPU
		{ADF6D7A3-AF3F-0062-7053-E7232097FEEF}.Release|Any CPU.Build.0 = Release|Any CPU
		{E74BBCB0-355D-A15B-899B-3B8998B73C44}.Debug|Any CPU.ActiveCfg = Debug|Any CPU
		{E74BBCB0-355D-A15B-899B-3B8998B73C44}.Debug|Any CPU.Build.0 = Debug|Any CPU
		{E74BBCB0-355D-A15B-899B-3B8998B73C44}.Release|Any CPU.ActiveCfg = Release|Any CPU
		{E74BBCB0-355D-A15B-899B-3B8998B73C44}.Release|Any CPU.Build.0 = Release|Any CPU
		{C9DB3760-D0CB-D426-EE40-0305218E08BC}.Debug|Any CPU.ActiveCfg = Debug|Any CPU
		{C9DB3760-D0CB-D426-EE40-0305218E08BC}.Debug|Any CPU.Build.0 = Debug|Any CPU
		{C9DB3760-D0CB-D426-EE40-0305218E08BC}.Release|Any CPU.ActiveCfg = Release|Any CPU
		{C9DB3760-D0CB-D426-EE40-0305218E08BC}.Release|Any CPU.Build.0 = Release|Any CPU
		{43D02D6D-0C2C-966F-C2DC-2F10F761232D}.Debug|Any CPU.ActiveCfg = Debug|Any CPU
		{43D02D6D-0C2C-966F-C2DC-2F10F761232D}.Debug|Any CPU.Build.0 = Debug|Any CPU
		{43D02D6D-0C2C-966F-C2DC-2F10F761232D}.Release|Any CPU.ActiveCfg = Release|Any CPU
		{43D02D6D-0C2C-966F-C2DC-2F10F761232D}.Release|Any CPU.Build.0 = Release|Any CPU
		{4B2788B3-0CBE-1F19-4DCA-F307FFB6BD77}.Debug|Any CPU.ActiveCfg = Debug|Any CPU
		{4B2788B3-0CBE-1F19-4DCA-F307FFB6BD77}.Debug|Any CPU.Build.0 = Debug|Any CPU
		{4B2788B3-0CBE-1F19-4DCA-F307FFB6BD77}.Release|Any CPU.ActiveCfg = Release|Any CPU
		{4B2788B3-0CBE-1F19-4DCA-F307FFB6BD77}.Release|Any CPU.Build.0 = Release|Any CPU
		{74CCEE80-B328-0E8A-6326-535F939AB86E}.Debug|Any CPU.ActiveCfg = Debug|Any CPU
		{74CCEE80-B328-0E8A-6326-535F939AB86E}.Debug|Any CPU.Build.0 = Debug|Any CPU
		{74CCEE80-B328-0E8A-6326-535F939AB86E}.Release|Any CPU.ActiveCfg = Release|Any CPU
		{74CCEE80-B328-0E8A-6326-535F939AB86E}.Release|Any CPU.Build.0 = Release|Any CPU
		{85375ECE-E3C7-602D-3934-CF520671D191}.Debug|Any CPU.ActiveCfg = Debug|Any CPU
		{85375ECE-E3C7-602D-3934-CF520671D191}.Debug|Any CPU.Build.0 = Debug|Any CPU
		{85375ECE-E3C7-602D-3934-CF520671D191}.Release|Any CPU.ActiveCfg = Release|Any CPU
		{85375ECE-E3C7-602D-3934-CF520671D191}.Release|Any CPU.Build.0 = Release|Any CPU
	EndGlobalSection
	GlobalSection(SolutionProperties) = preSolution
		HideSolutionNode = FALSE
	EndGlobalSection
	GlobalSection(NestedProjects) = preSolution
		{B121C154-CD31-4DEE-9D66-1AC279A430FB} = {B226AECC-F132-45DE-91BA-0F4D8BD3989A}
		{A0BC5EFE-4A29-4527-B534-E88C2F390EE4} = {B226AECC-F132-45DE-91BA-0F4D8BD3989A}
		{E74D4E88-CCCD-4404-A61C-79C0C6E43A2A} = {C44C9AFC-A3A4-46A7-99AB-DA382936E4BC}
		{BAE653A3-B188-4748-AFC6-3AF81ADEFA7F} = {C44C9AFC-A3A4-46A7-99AB-DA382936E4BC}
		{F25F0CBF-46A8-4781-B30E-4922F4802514} = {C44C9AFC-A3A4-46A7-99AB-DA382936E4BC}
		{0F5AD24C-A679-4063-A1E5-65A09CF3EE92} = {C44C9AFC-A3A4-46A7-99AB-DA382936E4BC}
		{58686895-9B78-4207-8983-FC712E6700CC} = {C44C9AFC-A3A4-46A7-99AB-DA382936E4BC}
		{8F17AA4A-B402-4A5F-8FCD-1B3C811BF1CE} = {C44C9AFC-A3A4-46A7-99AB-DA382936E4BC}
		{EA9C23A0-3744-490D-BD42-CAA0D879E8A5} = {C44C9AFC-A3A4-46A7-99AB-DA382936E4BC}
		{C0A1012E-136E-4EA1-B27E-DAB84E783501} = {C44C9AFC-A3A4-46A7-99AB-DA382936E4BC}
		{562CD2A8-D7A9-4AD9-BE61-23B5D0D1ED6E} = {C44C9AFC-A3A4-46A7-99AB-DA382936E4BC}
		{47A78AEB-A0FF-4C35-A3A9-0F96611A2507} = {B226AECC-F132-45DE-91BA-0F4D8BD3989A}
		{FDD14214-370D-64A1-F1A1-70949F7BB095} = {BA482372-2F82-4E0F-B754-1896BB13EC98}
		{A5AF35CE-3456-1D14-6B38-1FE977A27C72} = {BA482372-2F82-4E0F-B754-1896BB13EC98}
		{4185D283-CDEA-11CA-2707-E435947ABD72} = {A8722C01-2956-4313-AFBD-490CAEF8F175}
		{56AD61FF-9CE9-7739-1E91-69E0249D899C} = {BA482372-2F82-4E0F-B754-1896BB13EC98}
		{FAE65D89-597E-7AAB-3EED-EC947EC900BF} = {A8722C01-2956-4313-AFBD-490CAEF8F175}
		{0841B6EC-63C1-7AFD-1B60-BEA96F276893} = {A8722C01-2956-4313-AFBD-490CAEF8F175}
		{57BFFBB6-C0DA-7AFA-AB8B-4E519C2B5EF9} = {A8722C01-2956-4313-AFBD-490CAEF8F175}
		{1F137DA2-8FDB-2D0D-10A1-21AA846B7205} = {BA482372-2F82-4E0F-B754-1896BB13EC98}
		{D80D38AB-788A-7589-FC0A-A24871D94106} = {02EA681E-C7D8-13C7-8484-4AC65E1B71E8}
		{5A49FA5B-163B-26DD-7E10-74A754D05BF2} = {B226AECC-F132-45DE-91BA-0F4D8BD3989A}
		{0F0CF377-C96C-1797-6C5C-2CFF7144AD34} = {91E5E8D3-B59D-4E4F-AC51-7799EE7AC412}
		{6F3F43A8-CEDC-1DCC-EEF0-D5D710F8800A} = {1EF7951A-DC58-4022-A175-020B8D2C1978}
		{B04E5965-81D3-F02F-8F69-EC81574916FD} = {1EF7951A-DC58-4022-A175-020B8D2C1978}
		{86518ECD-F84F-A108-22C6-122C4633161C} = {ADD39EE9-7B67-4AF2-9BC1-4094B4A87EA9}
		{3CAD33B8-2652-679A-5F39-7AA14323AFAC} = {ADD39EE9-7B67-4AF2-9BC1-4094B4A87EA9}
		{91F24DCA-D93A-5842-522C-D0D2FCCF65F3} = {91E5E8D3-B59D-4E4F-AC51-7799EE7AC412}
		{195FC3F3-C708-4259-908B-AC632E55A3AB} = {91E5E8D3-B59D-4E4F-AC51-7799EE7AC412}
		{EF77770A-C7B2-E3AA-DFA7-7B7331E05560} = {91E5E8D3-B59D-4E4F-AC51-7799EE7AC412}
		{99235B85-F911-E17E-07D0-2225DE40635E} = {91E5E8D3-B59D-4E4F-AC51-7799EE7AC412}
		{EB6352E2-4A2E-9487-32D7-E76DBF2F18E8} = {91E5E8D3-B59D-4E4F-AC51-7799EE7AC412}
		{ADF6D7A3-AF3F-0062-7053-E7232097FEEF} = {91E5E8D3-B59D-4E4F-AC51-7799EE7AC412}
		{E74BBCB0-355D-A15B-899B-3B8998B73C44} = {91E5E8D3-B59D-4E4F-AC51-7799EE7AC412}
		{C9DB3760-D0CB-D426-EE40-0305218E08BC} = {91E5E8D3-B59D-4E4F-AC51-7799EE7AC412}
		{43D02D6D-0C2C-966F-C2DC-2F10F761232D} = {91E5E8D3-B59D-4E4F-AC51-7799EE7AC412}
		{4B2788B3-0CBE-1F19-4DCA-F307FFB6BD77} = {91E5E8D3-B59D-4E4F-AC51-7799EE7AC412}
		{74CCEE80-B328-0E8A-6326-535F939AB86E} = {B226AECC-F132-45DE-91BA-0F4D8BD3989A}
		{85375ECE-E3C7-602D-3934-CF520671D191} = {B226AECC-F132-45DE-91BA-0F4D8BD3989A}
	EndGlobalSection
	GlobalSection(ExtensibilityGlobals) = postSolution
		SolutionGuid = {A9F1BB93-CFBC-4E41-A865-325B22465054}
	EndGlobalSection
EndGlobal
